{
  "object": {
    "pins": [
      {
        "package": "GenesysCloudCore",
        "repositoryURL": "https://github.com/Genesys/CoreSPM.git",
        "state": {
          "branch": null,
          "revision": "28b355b8a2d9d79bd2fb7ea5a742cd96f5aae13b",
          "version": "1.10.2"
        }
      }
    ]
  },
  "version": 1
}
