{
  "originHash" : "c9b1e3bcbfbc7bc0f51d43de4926ead27cc67e3c0bbfaced86aae19b06ae0dd8",
  "pins" : [
    {
      "identity" : "corespm",
      "kind" : "remoteSourceControl",
      "location" : "https://github.com/GolanSG/CoreSPM",
      "state" : {
        "revision" : "e227f685f1e82b160fe61de1adb7e1b791e3a234",
        "version" : "1.10.1"
      }
    }
  ],
  "version" : 3
}
